// !$*UTF8*$!
{
	archiveVersion = 1;
	classes = {
	};
	objectVersion = 50;
	objects = {

/* Begin PBXBuildFile section */
		4F41ABB725D5BE0C00237B52 /* AppDelegate.swift in Sources */ = {isa = PBXBuildFile; fileRef = 4F41ABB625D5BE0C00237B52 /* AppDelegate.swift */; };
		4F41ABB925D5BE0C00237B52 /* SceneDelegate.swift in Sources */ = {isa = PBXBuildFile; fileRef = 4F41ABB825D5BE0C00237B52 /* SceneDelegate.swift */; };
		4F41ABBB25D5BE0C00237B52 /* ViewController.swift in Sources */ = {isa = PBXBuildFile; fileRef = 4F41ABBA25D5BE0C00237B52 /* ViewController.swift */; };
		4F41ABBE25D5BE0C00237B52 /* Main.storyboard in Resources */ = {isa = PBXBuildFile; fileRef = 4F41ABBC25D5BE0C00237B52 /* Main.storyboard */; };
		4F41ABC025D5BE0D00237B52 /* Assets.xcassets in Resources */ = {isa = PBXBuildFile; fileRef = 4F41ABBF25D5BE0D00237B52 /* Assets.xcassets */; };
		4F41ABC325D5BE0D00237B52 /* LaunchScreen.storyboard in Resources */ = {isa = PBXBuildFile; fileRef = 4F41ABC125D5BE0D00237B52 /* LaunchScreen.storyboard */; };
		4F41ABCE25D5BE0D00237B52 /* AppBuildOneTests.swift in Sources */ = {isa = PBXBuildFile; fileRef = 4F41ABCD25D5BE0D00237B52 /* AppBuildOneTests.swift */; };
		4F41ABD925D5BE0D00237B52 /* AppBuildOneUITests.swift in Sources */ = {isa = PBXBuildFile; fileRef = 4F41ABD825D5BE0D00237B52 /* AppBuildOneUITests.swift */; };
		4F41ABEA25D5BF3F00237B52 /* seconedViewController.swift in Sources */ = {isa = PBXBuildFile; fileRef = 4F41ABE925D5BF3F00237B52 /* seconedViewController.swift */; };
/* End PBXBuildFile section */

/* Begin PBXContainerItemProxy section */
		4F41ABCA25D5BE0D00237B52 /* PBXContainerItemProxy */ = {
			isa = PBXContainerItemProxy;
			containerPortal = 4F41ABAB25D5BE0C00237B52 /* Project object */;
			proxyType = 1;
			remoteGlobalIDString = 4F41ABB225D5BE0C00237B52;
			remoteInfo = AppBuildOne;
		};
		4F41ABD525D5BE0D00237B52 /* PBXContainerItemProxy */ = {
			isa = PBXContainerItemProxy;
			containerPortal = 4F41ABAB25D5BE0C00237B52 /* Project object */;
			proxyType = 1;
			remoteGlobalIDString = 4F41ABB225D5BE0C00237B52;
			remoteInfo = AppBuildOne;
		};
/* End PBXContainerItemProxy section */

/* Begin PBXFileReference section */
		4F41ABB325D5BE0C00237B52 /* AppBuildOne.app */ = {isa = PBXFileReference; explicitFileType = wrapper.application; includeInIndex = 0; path = AppBuildOne.app; sourceTree = BUILT_PRODUCTS_DIR; };
		4F41ABB625D5BE0C00237B52 /* AppDelegate.swift */ = {isa = PBXFileReference; lastKnownFileType = sourcecode.swift; path = AppDelegate.swift; sourceTree = "<group>"; };
		4F41ABB825D5BE0C00237B52 /* SceneDelegate.swift */ = {isa = PBXFileReference; lastKnownFileType = sourcecode.swift; path = SceneDelegate.swift; sourceTree = "<group>"; };
		4F41ABBA25D5BE0C00237B52 /* ViewController.swift */ = {isa = PBXFileReference; lastKnownFileType = sourcecode.swift; path = ViewController.swift; sourceTree = "<group>"; };
		4F41ABBD25D5BE0C00237B52 /* Base */ = {isa = PBXFileReference; lastKnownFileType = file.storyboard; name = Base; path = Base.lproj/Main.storyboard; sourceTree = "<group>"; };
		4F41ABBF25D5BE0D00237B52 /* Assets.xcassets */ = {isa = PBXFileReference; lastKnownFileType = folder.assetcatalog; path = Assets.xcassets; sourceTree = "<group>"; };
		4F41ABC225D5BE0D00237B52 /* Base */ = {isa = PBXFileReference; lastKnownFileType = file.storyboard; name = Base; path = Base.lproj/LaunchScreen.storyboard; sourceTree = "<group>"; };
		4F41ABC425D5BE0D00237B52 /* Info.plist */ = {isa = PBXFileReference; lastKnownFileType = text.plist.xml; path = Info.plist; sourceTree = "<group>"; };
		4F41ABC925D5BE0D00237B52 /* AppBuildOneTests.xctest */ = {isa = PBXFileReference; explicitFileType = wrapper.cfbundle; includeInIndex = 0; path = AppBuildOneTests.xctest; sourceTree = BUILT_PRODUCTS_DIR; };
		4F41ABCD25D5BE0D00237B52 /* AppBuildOneTests.swift */ = {isa = PBXFileReference; lastKnownFileType = sourcecode.swift; path = AppBuildOneTests.swift; sourceTree = "<group>"; };
		4F41ABCF25D5BE0D00237B52 /* Info.plist */ = {isa = PBXFileReference; lastKnownFileType = text.plist.xml; path = Info.plist; sourceTree = "<group>"; };
		4F41ABD425D5BE0D00237B52 /* AppBuildOneUITests.xctest */ = {isa = PBXFileReference; explicitFileType = wrapper.cfbundle; includeInIndex = 0; path = AppBuildOneUITests.xctest; sourceTree = BUILT_PRODUCTS_DIR; };
		4F41ABD825D5BE0D00237B52 /* AppBuildOneUITests.swift */ = {isa = PBXFileReference; lastKnownFileType = sourcecode.swift; path = AppBuildOneUITests.swift; sourceTree = "<group>"; };
		4F41ABDA25D5BE0D00237B52 /* Info.plist */ = {isa = PBXFileReference; lastKnownFileType = text.plist.xml; path = Info.plist; sourceTree = "<group>"; };
		4F41ABE925D5BF3F00237B52 /* seconedViewController.swift */ = {isa = PBXFileReference; lastKnownFileType = sourcecode.swift; path = seconedViewController.swift; sourceTree = "<group>"; };
/* End PBXFileReference section */

/* Begin PBXFrameworksBuildPhase section */
		4F41ABB025D5BE0C00237B52 /* Frameworks */ = {
			isa = PBXFrameworksBuildPhase;
			buildActionMask = 2147483647;
			files = (
			);
			runOnlyForDeploymentPostprocessing = 0;
		};
		4F41ABC625D5BE0D00237B52 /* Frameworks */ = {
			isa = PBXFrameworksBuildPhase;
			buildActionMask = 2147483647;
			files = (
			);
			runOnlyForDeploymentPostprocessing = 0;
		};
		4F41ABD125D5BE0D00237B52 /* Frameworks */ = {
			isa = PBXFrameworksBuildPhase;
			buildActionMask = 2147483647;
			files = (
			);
			runOnlyForDeploymentPostprocessing = 0;
		};
/* End PBXFrameworksBuildPhase section */

/* Begin PBXGroup section */
		4F41ABAA25D5BE0C00237B52 = {
			isa = PBXGroup;
			children = (
				4F41ABB525D5BE0C00237B52 /* AppBuildOne */,
				4F41ABCC25D5BE0D00237B52 /* AppBuildOneTests */,
				4F41ABD725D5BE0D00237B52 /* AppBuildOneUITests */,
				4F41ABB425D5BE0C00237B52 /* Products */,
			);
			sourceTree = "<group>";
		};
		4F41ABB425D5BE0C00237B52 /* Products */ = {
			isa = PBXGroup;
			children = (
				4F41ABB325D5BE0C00237B52 /* AppBuildOne.app */,
				4F41ABC925D5BE0D00237B52 /* AppBuildOneTests.xctest */,
				4F41ABD425D5BE0D00237B52 /* AppBuildOneUITests.xctest */,
			);
			name = Products;
			sourceTree = "<group>";
		};
		4F41ABB525D5BE0C00237B52 /* AppBuildOne */ = {
			isa = PBXGroup;
			children = (
				4F41ABB625D5BE0C00237B52 /* AppDelegate.swift */,
				4F41ABB825D5BE0C00237B52 /* SceneDelegate.swift */,
				4F41ABBA25D5BE0C00237B52 /* ViewController.swift */,
				4F41ABE925D5BF3F00237B52 /* seconedViewController.swift */,
				4F41ABBC25D5BE0C00237B52 /* Main.storyboard */,
				4F41ABBF25D5BE0D00237B52 /* Assets.xcassets */,
				4F41ABC125D5BE0D00237B52 /* LaunchScreen.storyboard */,
				4F41ABC425D5BE0D00237B52 /* Info.plist */,
			);
			path = AppBuildOne;
			sourceTree = "<group>";
		};
		4F41ABCC25D5BE0D00237B52 /* AppBuildOneTests */ = {
			isa = PBXGroup;
			children = (
				4F41ABCD25D5BE0D00237B52 /* AppBuildOneTests.swift */,
				4F41ABCF25D5BE0D00237B52 /* Info.plist */,
			);
			path = AppBuildOneTests;
			sourceTree = "<group>";
		};
		4F41ABD725D5BE0D00237B52 /* AppBuildOneUITests */ = {
			isa = PBXGroup;
			children = (
				4F41ABD825D5BE0D00237B52 /* AppBuildOneUITests.swift */,
				4F41ABDA25D5BE0D00237B52 /* Info.plist */,
			);
			path = AppBuildOneUITests;
			sourceTree = "<group>";
		};
/* End PBXGroup section */

/* Begin PBXNativeTarget section */
		4F41ABB225D5BE0C00237B52 /* AppBuildOne */ = {
			isa = PBXNativeTarget;
			buildConfigurationList = 4F41ABDD25D5BE0D00237B52 /* Build configuration list for PBXNativeTarget "AppBuildOne" */;
			buildPhases = (
				4F41ABAF25D5BE0C00237B52 /* Sources */,
				4F41ABB025D5BE0C00237B52 /* Frameworks */,
				4F41ABB125D5BE0C00237B52 /* Resources */,
			);
			buildRules = (
			);
			dependencies = (
			);
			name = AppBuildOne;
			productName = AppBuildOne;
			productReference = 4F41ABB325D5BE0C00237B52 /* AppBuildOne.app */;
			productType = "com.apple.product-type.application";
		};
		4F41ABC825D5BE0D00237B52 /* AppBuildOneTests */ = {
			isa = PBXNativeTarget;
			buildConfigurationList = 4F41ABE025D5BE0D00237B52 /* Build configuration list for PBXNativeTarget "AppBuildOneTests" */;
			buildPhases = (
				4F41ABC525D5BE0D00237B52 /* Sources */,
				4F41ABC625D5BE0D00237B52 /* Frameworks */,
				4F41ABC725D5BE0D00237B52 /* Resources */,
			);
			buildRules = (
			);
			dependencies = (
				4F41ABCB25D5BE0D00237B52 /* PBXTargetDependency */,
			);
			name = AppBuildOneTests;
			productName = AppBuildOneTests;
			productReference = 4F41ABC925D5BE0D00237B52 /* AppBuildOneTests.xctest */;
			productType = "com.apple.product-type.bundle.unit-test";
		};
		4F41ABD325D5BE0D00237B52 /* AppBuildOneUITests */ = {
			isa = PBXNativeTarget;
			buildConfigurationList = 4F41ABE325D5BE0D00237B52 /* Build configuration list for PBXNativeTarget "AppBuildOneUITests" */;
			buildPhases = (
				4F41ABD025D5BE0D00237B52 /* Sources */,
				4F41ABD125D5BE0D00237B52 /* Frameworks */,
				4F41ABD225D5BE0D00237B52 /* Resources */,
			);
			buildRules = (
			);
			dependencies = (
				4F41ABD625D5BE0D00237B52 /* PBXTargetDependency */,
			);
			name = AppBuildOneUITests;
			productName = AppBuildOneUITests;
			productReference = 4F41ABD425D5BE0D00237B52 /* AppBuildOneUITests.xctest */;
			productType = "com.apple.product-type.bundle.ui-testing";
		};
/* End PBXNativeTarget section */

/* Begin PBXProject section */
		4F41ABAB25D5BE0C00237B52 /* Project object */ = {
			isa = PBXProject;
			attributes = {
				LastSwiftUpdateCheck = 1240;
				LastUpgradeCheck = 1240;
				TargetAttributes = {
					4F41ABB225D5BE0C00237B52 = {
						CreatedOnToolsVersion = 12.4;
					};
					4F41ABC825D5BE0D00237B52 = {
						CreatedOnToolsVersion = 12.4;
						TestTargetID = 4F41ABB225D5BE0C00237B52;
					};
					4F41ABD325D5BE0D00237B52 = {
						CreatedOnToolsVersion = 12.4;
						TestTargetID = 4F41ABB225D5BE0C00237B52;
					};
				};
			};
			buildConfigurationList = 4F41ABAE25D5BE0C00237B52 /* Build configuration list for PBXProject "AppBuildOne" */;
			compatibilityVersion = "Xcode 9.3";
			developmentRegion = en;
			hasScannedForEncodings = 0;
			knownRegions = (
				en,
				Base,
			);
			mainGroup = 4F41ABAA25D5BE0C00237B52;
			productRefGroup = 4F41ABB425D5BE0C00237B52 /* Products */;
			projectDirPath = "";
			projectRoot = "";
			targets = (
				4F41ABB225D5BE0C00237B52 /* AppBuildOne */,
				4F41ABC825D5BE0D00237B52 /* AppBuildOneTests */,
				4F41ABD325D5BE0D00237B52 /* AppBuildOneUITests */,
			);
		};
/* End PBXProject section */

/* Begin PBXResourcesBuildPhase section */
		4F41ABB125D5BE0C00237B52 /* Resources */ = {
			isa = PBXResourcesBuildPhase;
			buildActionMask = 2147483647;
			files = (
				4F41ABC325D5BE0D00237B52 /* LaunchScreen.storyboard in Resources */,
				4F41ABC025D5BE0D00237B52 /* Assets.xcassets in Resources */,
				4F41ABBE25D5BE0C00237B52 /* Main.storyboard in Resources */,
			);
			runOnlyForDeploymentPostprocessing = 0;
		};
		4F41ABC725D5BE0D00237B52 /* Resources */ = {
			isa = PBXResourcesBuildPhase;
			buildActionMask = 2147483647;
			files = (
			);
			runOnlyForDeploymentPostprocessing = 0;
		};
		4F41ABD225D5BE0D00237B52 /* Resources */ = {
			isa = PBXResourcesBuildPhase;
			buildActionMask = 2147483647;
			files = (
			);
			runOnlyForDeploymentPostprocessing = 0;
		};
/* End PBXResourcesBuildPhase section */

/* Begin PBXSourcesBuildPhase section */
		4F41ABAF25D5BE0C00237B52 /* Sources */ = {
			isa = PBXSourcesBuildPhase;
			buildActionMask = 2147483647;
			files = (
				4F41ABBB25D5BE0C00237B52 /* ViewController.swift in Sources */,
				4F41ABB725D5BE0C00237B52 /* AppDelegate.swift in Sources */,
				4F41ABEA25D5BF3F00237B52 /* seconedViewController.swift in Sources */,
				4F41ABB925D5BE0C00237B52 /* SceneDelegate.swift in Sources */,
			);
			runOnlyForDeploymentPostprocessing = 0;
		};
		4F41ABC525D5BE0D00237B52 /* Sources */ = {
			isa = PBXSourcesBuildPhase;
			buildActionMask = 2147483647;
			files = (
				4F41ABCE25D5BE0D00237B52 /* AppBuildOneTests.swift in Sources */,
			);
			runOnlyForDeploymentPostprocessing = 0;
		};
		4F41ABD025D5BE0D00237B52 /* Sources */ = {
			isa = PBXSourcesBuildPhase;
			buildActionMask = 2147483647;
			files = (
				4F41ABD925D5BE0D00237B52 /* AppBuildOneUITests.swift in Sources */,
			);
			runOnlyForDeploymentPostprocessing = 0;
		};
/* End PBXSourcesBuildPhase section */

/* Begin PBXTargetDependency section */
		4F41ABCB25D5BE0D00237B52 /* PBXTargetDependency */ = {
			isa = PBXTargetDependency;
			target = 4F41ABB225D5BE0C00237B52 /* AppBuildOne */;
			targetProxy = 4F41ABCA25D5BE0D00237B52 /* PBXContainerItemProxy */;
		};
		4F41ABD625D5BE0D00237B52 /* PBXTargetDependency */ = {
			isa = PBXTargetDependency;
			target = 4F41ABB225D5BE0C00237B52 /* AppBuildOne */;
			targetProxy = 4F41ABD525D5BE0D00237B52 /* PBXContainerItemProxy */;
		};
/* End PBXTargetDependency section */

/* Begin PBXVariantGroup section */
		4F41ABBC25D5BE0C00237B52 /* Main.storyboard */ = {
			isa = PBXVariantGroup;
			children = (
				4F41ABBD25D5BE0C00237B52 /* Base */,
			);
			name = Main.storyboard;
			sourceTree = "<group>";
		};
		4F41ABC125D5BE0D00237B52 /* LaunchScreen.storyboard */ = {
			isa = PBXVariantGroup;
			children = (
				4F41ABC225D5BE0D00237B52 /* Base */,
			);
			name = LaunchScreen.storyboard;
			sourceTree = "<group>";
		};
/* End PBXVariantGroup section */

/* Begin XCBuildConfiguration section */
		4F41ABDB25D5BE0D00237B52 /* Debug */ = {
			isa = XCBuildConfiguration;
			buildSettings = {
				ALWAYS_SEARCH_USER_PATHS = NO;
				CLANG_ANALYZER_NONNULL = YES;
				CLANG_ANALYZER_NUMBER_OBJECT_CONVERSION = YES_AGGRESSIVE;
				CLANG_CXX_LANGUAGE_STANDARD = "gnu++14";
				CLANG_CXX_LIBRARY = "libc++";
				CLANG_ENABLE_MODULES = YES;
				CLANG_ENABLE_OBJC_ARC = YES;
				CLANG_ENABLE_OBJC_WEAK = YES;
				CLANG_WARN_BLOCK_CAPTURE_AUTORELEASING = YES;
				CLANG_WARN_BOOL_CONVERSION = YES;
				CLANG_WARN_COMMA = YES;
				CLANG_WARN_CONSTANT_CONVERSION = YES;
				CLANG_WARN_DEPRECATED_OBJC_IMPLEMENTATIONS = YES;
				CLANG_WARN_DIRECT_OBJC_ISA_USAGE = YES_ERROR;
				CLANG_WARN_DOCUMENTATION_COMMENTS = YES;
				CLANG_WARN_EMPTY_BODY = YES;
				CLANG_WARN_ENUM_CONVERSION = YES;
				CLANG_WARN_INFINITE_RECURSION = YES;
				CLANG_WARN_INT_CONVERSION = YES;
				CLANG_WARN_NON_LITERAL_NULL_CONVERSION = YES;
				CLANG_WARN_OBJC_IMPLICIT_RETAIN_SELF = YES;
				CLANG_WARN_OBJC_LITERAL_CONVERSION = YES;
				CLANG_WARN_OBJC_ROOT_CLASS = YES_ERROR;
				CLANG_WARN_QUOTED_INCLUDE_IN_FRAMEWORK_HEADER = YES;
				CLANG_WARN_RANGE_LOOP_ANALYSIS = YES;
				CLANG_WARN_STRICT_PROTOTYPES = YES;
				CLANG_WARN_SUSPICIOUS_MOVE = YES;
				CLANG_WARN_UNGUARDED_AVAILABILITY = YES_AGGRESSIVE;
				CLANG_WARN_UNREACHABLE_CODE = YES;
				CLANG_WARN__DUPLICATE_METHOD_MATCH = YES;
				COPY_PHASE_STRIP = NO;
				DEBUG_INFORMATION_FORMAT = dwarf;
				ENABLE_STRICT_OBJC_MSGSEND = YES;
				ENABLE_TESTABILITY = YES;
				GCC_C_LANGUAGE_STANDARD = gnu11;
				GCC_DYNAMIC_NO_PIC = NO;
				GCC_NO_COMMON_BLOCKS = YES;
				GCC_OPTIMIZATION_LEVEL = 0;
				GCC_PREPROCESSOR_DEFINITIONS = (
					"DEBUG=1",
					"$(inherited)",
				);
				GCC_WARN_64_TO_32_BIT_CONVERSION = YES;
				GCC_WARN_ABOUT_RETURN_TYPE = YES_ERROR;
				GCC_WARN_UNDECLARED_SELECTOR = YES;
				GCC_WARN_UNINITIALIZED_AUTOS = YES_AGGRESSIVE;
				GCC_WARN_UNUSED_FUNCTION = YES;
				GCC_WARN_UNUSED_VARIABLE = YES;
				IPHONEOS_DEPLOYMENT_TARGET = 14.4;
				MTL_ENABLE_DEBUG_INFO = INCLUDE_SOURCE;
				MTL_FAST_MATH = YES;
				ONLY_ACTIVE_ARCH = YES;
				SDKROOT = iphoneos;
				SWIFT_ACTIVE_COMPILATION_CONDITIONS = DEBUG;
				SWIFT_OPTIMIZATION_LEVEL = "-Onone";
			};
			name = Debug;
		};
		4F41ABDC25D5BE0D00237B52 /* Release */ = {
			isa = XCBuildConfiguration;
			buildSettings = {
				ALWAYS_SEARCH_USER_PATHS = NO;
				CLANG_ANALYZER_NONNULL = YES;
				CLANG_ANALYZER_NUMBER_OBJECT_CONVERSION = YES_AGGRESSIVE;
				CLANG_CXX_LANGUAGE_STANDARD = "gnu++14";
				CLANG_CXX_LIBRARY = "libc++";
				CLANG_ENABLE_MODULES = YES;
				CLANG_ENABLE_OBJC_ARC = YES;
				CLANG_ENABLE_OBJC_WEAK = YES;
				CLANG_WARN_BLOCK_CAPTURE_AUTORELEASING = YES;
				CLANG_WARN_BOOL_CONVERSION = YES;
				CLANG_WARN_COMMA = YES;
				CLANG_WARN_CONSTANT_CONVERSION = YES;
				CLANG_WARN_DEPRECATED_OBJC_IMPLEMENTATIONS = YES;
				CLANG_WARN_DIRECT_OBJC_ISA_USAGE = YES_ERROR;
				CLANG_WARN_DOCUMENTATION_COMMENTS = YES;
				CLANG_WARN_EMPTY_BODY = YES;
				CLANG_WARN_ENUM_CONVERSION = YES;
				CLANG_WARN_INFINITE_RECURSION = YES;
				CLANG_WARN_INT_CONVERSION = YES;
				CLANG_WARN_NON_LITERAL_NULL_CONVERSION = YES;
				CLANG_WARN_OBJC_IMPLICIT_RETAIN_SELF = YES;
				CLANG_WARN_OBJC_LITERAL_CONVERSION = YES;
				CLANG_WARN_OBJC_ROOT_CLASS = YES_ERROR;
				CLANG_WARN_QUOTED_INCLUDE_IN_FRAMEWORK_HEADER = YES;
				CLANG_WARN_RANGE_LOOP_ANALYSIS = YES;
				CLANG_WARN_STRICT_PROTOTYPES = YES;
				CLANG_WARN_SUSPICIOUS_MOVE = YES;
				CLANG_WARN_UNGUARDED_AVAILABILITY = YES_AGGRESSIVE;
				CLANG_WARN_UNREACHABLE_CODE = YES;
				CLANG_WARN__DUPLICATE_METHOD_MATCH = YES;
				COPY_PHASE_STRIP = NO;
				DEBUG_INFORMATION_FORMAT = "dwarf-with-dsym";
				ENABLE_NS_ASSERTIONS = NO;
				ENABLE_STRICT_OBJC_MSGSEND = YES;
				GCC_C_LANGUAGE_STANDARD = gnu11;
				GCC_NO_COMMON_BLOCKS = YES;
				GCC_WARN_64_TO_32_BIT_CONVERSION = YES;
				GCC_WARN_ABOUT_RETURN_TYPE = YES_ERROR;
				GCC_WARN_UNDECLARED_SELECTOR = YES;
				GCC_WARN_UNINITIALIZED_AUTOS = YES_AGGRESSIVE;
				GCC_WARN_UNUSED_FUNCTION = YES;
				GCC_WARN_UNUSED_VARIABLE = YES;
				IPHONEOS_DEPLOYMENT_TARGET = 14.4;
				MTL_ENABLE_DEBUG_INFO = NO;
				MTL_FAST_MATH = YES;
				SDKROOT = iphoneos;
				SWIFT_COMPILATION_MODE = wholemodule;
				SWIFT_OPTIMIZATION_LEVEL = "-O";
				VALIDATE_PRODUCT = YES;
			};
			name = Release;
		};
		4F41ABDE25D5BE0D00237B52 /* Debug */ = {
			isa = XCBuildConfiguration;
			buildSettings = {
				ASSETCATALOG_COMPILER_APPICON_NAME = AppIcon;
				ASSETCATALOG_COMPILER_GLOBAL_ACCENT_COLOR_NAME = AccentColor;
				CODE_SIGN_STYLE = Automatic;
				DEVELOPMENT_TEAM = RS25249KX7;
				INFOPLIST_FILE = AppBuildOne/Info.plist;
				LD_RUNPATH_SEARCH_PATHS = (
					"$(inherited)",
					"@executable_path/Frameworks",
				);
				PRODUCT_BUNDLE_IDENTIFIER = UHWO.AppBuildOne;
				PRODUCT_NAME = "$(TARGET_NAME)";
				SWIFT_VERSION = 5.0;
				TARGETED_DEVICE_FAMILY = "1,2";
			};
			name = Debug;
		};
		4F41ABDF25D5BE0D00237B52 /* Release */ = {
			isa = XCBuildConfiguration;
			buildSettings = {
				ASSETCATALOG_COMPILER_APPICON_NAME = AppIcon;
				ASSETCATALOG_COMPILER_GLOBAL_ACCENT_COLOR_NAME = AccentColor;
				CODE_SIGN_STYLE = Automatic;
				DEVELOPMENT_TEAM = RS25249KX7;
				INFOPLIST_FILE = AppBuildOne/Info.plist;
				LD_RUNPATH_SEARCH_PATHS = (
					"$(inherited)",
					"@executable_path/Frameworks",
				);
				PRODUCT_BUNDLE_IDENTIFIER = UHWO.AppBuildOne;
				PRODUCT_NAME = "$(TARGET_NAME)";
				SWIFT_VERSION = 5.0;
				TARGETED_DEVICE_FAMILY = "1,2";
			};
			name = Release;
		};
		4F41ABE125D5BE0D00237B52 /* Debug */ = {
			isa = XCBuildConfiguration;
			buildSettings = {
				ALWAYS_EMBED_SWIFT_STANDARD_LIBRARIES = YES;
				BUNDLE_LOADER = "$(TEST_HOST)";
				CODE_SIGN_STYLE = Automatic;
				DEVELOPMENT_TEAM = RS25249KX7;
				INFOPLIST_FILE = AppBuildOneTests/Info.plist;
				IPHONEOS_DEPLOYMENT_TARGET = 14.4;
				LD_RUNPATH_SEARCH_PATHS = (
					"$(inherited)",
					"@executable_path/Frameworks",
					"@loader_path/Frameworks",
				);
				PRODUCT_BUNDLE_IDENTIFIER = UHWO.AppBuildOneTests;
				PRODUCT_NAME = "$(TARGET_NAME)";
				SWIFT_VERSION = 5.0;
				TARGETED_DEVICE_FAMILY = "1,2";
				TEST_HOST = "$(BUILT_PRODUCTS_DIR)/AppBuildOne.app/AppBuildOne";
			};
			name = Debug;
		};
		4F41ABE225D5BE0D00237B52 /* Release */ = {
			isa = XCBuildConfiguration;
			buildSettings = {
				ALWAYS_EMBED_SWIFT_STANDARD_LIBRARIES = YES;
				BUNDLE_LOADER = "$(TEST_HOST)";
				CODE_SIGN_STYLE = Automatic;
				DEVELOPMENT_TEAM = RS25249KX7;
				INFOPLIST_FILE = AppBuildOneTests/Info.plist;
				IPHONEOS_DEPLOYMENT_TARGET = 14.4;
				LD_RUNPATH_SEARCH_PATHS = (
					"$(inherited)",
					"@executable_path/Frameworks",
					"@loader_path/Frameworks",
				);
				PRODUCT_BUNDLE_IDENTIFIER = UHWO.AppBuildOneTests;
				PRODUCT_NAME = "$(TARGET_NAME)";
				SWIFT_VERSION = 5.0;
				TARGETED_DEVICE_FAMILY = "1,2";
				TEST_HOST = "$(BUILT_PRODUCTS_DIR)/AppBuildOne.app/AppBuildOne";
			};
			name = Release;
		};
		4F41ABE425D5BE0D00237B52 /* Debug */ = {
			isa = XCBuildConfiguration;
			buildSettings = {
				ALWAYS_EMBED_SWIFT_STANDARD_LIBRARIES = YES;
				CODE_SIGN_STYLE = Automatic;
				DEVELOPMENT_TEAM = RS25249KX7;
				INFOPLIST_FILE = AppBuildOneUITests/Info.plist;
				LD_RUNPATH_SEARCH_PATHS = (
					"$(inherited)",
					"@executable_path/Frameworks",
					"@loader_path/Frameworks",
				);
				PRODUCT_BUNDLE_IDENTIFIER = UHWO.AppBuildOneUITests;
				PRODUCT_NAME = "$(TARGET_NAME)";
				SWIFT_VERSION = 5.0;
				TARGETED_DEVICE_FAMILY = "1,2";
				TEST_TARGET_NAME = AppBuildOne;
			};
			name = Debug;
		};
		4F41ABE525D5BE0D00237B52 /* Release */ = {
			isa = XCBuildConfiguration;
			buildSettings = {
				ALWAYS_EMBED_SWIFT_STANDARD_LIBRARIES = YES;
				CODE_SIGN_STYLE = Automatic;
				DEVELOPMENT_TEAM = RS25249KX7;
				INFOPLIST_FILE = AppBuildOneUITests/Info.plist;
				LD_RUNPATH_SEARCH_PATHS = (
					"$(inherited)",
					"@executable_path/Frameworks",
					"@loader_path/Frameworks",
				);
				PRODUCT_BUNDLE_IDENTIFIER = UHWO.AppBuildOneUITests;
				PRODUCT_NAME = "$(TARGET_NAME)";
				SWIFT_VERSION = 5.0;
				TARGETED_DEVICE_FAMILY = "1,2";
				TEST_TARGET_NAME = AppBuildOne;
			};
			name = Release;
		};
/* End XCBuildConfiguration section */

/* Begin XCConfigurationList section */
		4F41ABAE25D5BE0C00237B52 /* Build configuration list for PBXProject "AppBuildOne" */ = {
			isa = XCConfigurationList;
			buildConfigurations = (
				4F41ABDB25D5BE0D00237B52 /* Debug */,
				4F41ABDC25D5BE0D00237B52 /* Release */,
			);
			defaultConfigurationIsVisible = 0;
			defaultConfigurationName = Release;
		};
		4F41ABDD25D5BE0D00237B52 /* Build configuration list for PBXNativeTarget "AppBuildOne" */ = {
			isa = XCConfigurationList;
			buildConfigurations = (
				4F41ABDE25D5BE0D00237B52 /* Debug */,
				4F41ABDF25D5BE0D00237B52 /* Release */,
			);
			defaultConfigurationIsVisible = 0;
			defaultConfigurationName = Release;
		};
		4F41ABE025D5BE0D00237B52 /* Build configuration list for PBXNativeTarget "AppBuildOneTests" */ = {
			isa = XCConfigurationList;
			buildConfigurations = (
				4F41ABE125D5BE0D00237B52 /* Debug */,
				4F41ABE225D5BE0D00237B52 /* Release */,
			);
			defaultConfigurationIsVisible = 0;
			defaultConfigurationName = Release;
		};
		4F41ABE325D5BE0D00237B52 /* Build configuration list for PBXNativeTarget "AppBuildOneUITests" */ = {
			isa = XCConfigurationList;
			buildConfigurations = (
				4F41ABE425D5BE0D00237B52 /* Debug */,
				4F41ABE525D5BE0D00237B52 /* Release */,
			);
			defaultConfigurationIsVisible = 0;
			defaultConfigurationName = Release;
		};
/* End XCConfigurationList section */
	};
	rootObject = 4F41ABAB25D5BE0C00237B52 /* Project object */;
}
